{
    "_meta": {
        "hash": {
            "sha256": "3ef40c1e43e583c7524109d321f82aac6d712cd5787c6f4a0c7094ef849ff044"
        },
        "pipfile-spec": 6,
        "requires": {
            "python_version": "3.6"
        },
        "sources": [
            {
                "name": "pypi",
                "url": "https://pypi.org/simple",
                "verify_ssl": true
            }
        ]
    },
    "default": {
        "absl-py": {
            "hashes": [
                "sha256:adbf3b65f9d5cb89d0161125df2bfe3c8d097a8ac99fbcae0feaa3b32f93d868"
            ],
            "version": "==0.6.0"
        },
        "astor": {
            "hashes": [
                "sha256:95c30d87a6c2cf89aa628b87398466840f0ad8652f88eb173125a6df8533fb8d",
                "sha256:fb503b9e2fdd05609fbf557b916b4a7824171203701660f0c55bbf5a7a68713e"
            ],
            "version": "==0.7.1"
        },
        "box2d-py": {
            "hashes": [
                "sha256:0d46068eb8d29e366ed698ab2a4833d4d2d34ed035ebd6a685888007dda05f64",
                "sha256:287aa54005c0644b47bf7ad72966e4068d66e56bcf8458f5b4a653ffe42a2618",
                "sha256:483b3f9acd5d156b72bf2013f93cf7f8ca0ee1562e43d2353ab4c0cbec4ee49a",
                "sha256:a294c2d7cc73cc05dd491287079e15419eb98caa3158df94f40faf85eeb4b6e9",
                "sha256:b37dc38844bcd7def48a97111d2b082e4f81cca3cece7460feb3eacda0da2207"
            ],
            "markers": "extra == 'box2d'",
            "version": "==2.3.5"
        },
        "certifi": {
            "hashes": [
                "sha256:339dc09518b07e2fa7eda5450740925974815557727d6bd35d319c1524a04a4c",
                "sha256:6d58c986d22b038c8c0df30d639f23a3e6d172a05c3583e766f4c0b785c0986a"
            ],
            "version": "==2018.10.15"
        },
        "cffi": {
            "hashes": [
                "sha256:151b7eefd035c56b2b2e1eb9963c90c6302dc15fbd8c1c0a83a163ff2c7d7743",
                "sha256:1553d1e99f035ace1c0544050622b7bc963374a00c467edafac50ad7bd276aef",
                "sha256:1b0493c091a1898f1136e3f4f991a784437fac3673780ff9de3bcf46c80b6b50",
                "sha256:2ba8a45822b7aee805ab49abfe7eec16b90587f7f26df20c71dd89e45a97076f",
                "sha256:3bb6bd7266598f318063e584378b8e27c67de998a43362e8fce664c54ee52d30",
                "sha256:3c85641778460581c42924384f5e68076d724ceac0f267d66c757f7535069c93",
                "sha256:3eb6434197633b7748cea30bf0ba9f66727cdce45117a712b29a443943733257",
                "sha256:495c5c2d43bf6cebe0178eb3e88f9c4aa48d8934aa6e3cddb865c058da76756b",
                "sha256:4c91af6e967c2015729d3e69c2e51d92f9898c330d6a851bf8f121236f3defd3",
                "sha256:57b2533356cb2d8fac1555815929f7f5f14d68ac77b085d2326b571310f34f6e",
                "sha256:770f3782b31f50b68627e22f91cb182c48c47c02eb405fd689472aa7b7aa16dc",
                "sha256:79f9b6f7c46ae1f8ded75f68cf8ad50e5729ed4d590c74840471fc2823457d04",
                "sha256:7a33145e04d44ce95bcd71e522b478d282ad0eafaf34fe1ec5bbd73e662f22b6",
                "sha256:857959354ae3a6fa3da6651b966d13b0a8bed6bbc87a0de7b38a549db1d2a359",
                "sha256:87f37fe5130574ff76c17cab61e7d2538a16f843bb7bca8ebbc4b12de3078596",
                "sha256:95d5251e4b5ca00061f9d9f3d6fe537247e145a8524ae9fd30a2f8fbce993b5b",
                "sha256:9d1d3e63a4afdc29bd76ce6aa9d58c771cd1599fbba8cf5057e7860b203710dd",
                "sha256:a36c5c154f9d42ec176e6e620cb0dd275744aa1d804786a71ac37dc3661a5e95",
                "sha256:a6a5cb8809091ec9ac03edde9304b3ad82ad4466333432b16d78ef40e0cce0d5",
                "sha256:ae5e35a2c189d397b91034642cb0eab0e346f776ec2eb44a49a459e6615d6e2e",
                "sha256:b0f7d4a3df8f06cf49f9f121bead236e328074de6449866515cea4907bbc63d6",
                "sha256:b75110fb114fa366b29a027d0c9be3709579602ae111ff61674d28c93606acca",
                "sha256:ba5e697569f84b13640c9e193170e89c13c6244c24400fc57e88724ef610cd31",
                "sha256:be2a9b390f77fd7676d80bc3cdc4f8edb940d8c198ed2d8c0be1319018c778e1",
                "sha256:ca1bd81f40adc59011f58159e4aa6445fc585a32bb8ac9badf7a2c1aa23822f2",
                "sha256:d5d8555d9bfc3f02385c1c37e9f998e2011f0db4f90e250e5bc0c0a85a813085",
                "sha256:e55e22ac0a30023426564b1059b035973ec82186ddddbac867078435801c7801",
                "sha256:e90f17980e6ab0f3c2f3730e56d1fe9bcba1891eeea58966e89d352492cc74f4",
                "sha256:ecbb7b01409e9b782df5ded849c178a0aa7c906cf8c5a67368047daab282b184",
                "sha256:ed01918d545a38998bfa5902c7c00e0fee90e957ce036a4000a88e3fe2264917",
                "sha256:edabd457cd23a02965166026fd9bfd196f4324fe6032e866d0f3bd0301cd486f",
                "sha256:fdf1c1dc5bafc32bc5d08b054f94d659422b05aba244d6be4ddc1c72d9aa70fb"
            ],
            "version": "==1.11.5"
        },
        "chardet": {
            "hashes": [
                "sha256:84ab92ed1c4d4f16916e05906b6b75a6c0fb5db821cc65e70cbd64a3e2a5eaae",
                "sha256:fc323ffcaeaed0e0a02bf4d117757b98aed530d9ed4531e3e15460124c106691"
            ],
            "version": "==3.0.4"
        },
        "cython": {
            "hashes": [
                "sha256:019008a69e6b7c102f2ed3d733a288d1784363802b437dd2b91e6256b12746da",
                "sha256:1441fe19c56c90b8c2159d7b861c31a134d543ef7886fd82a5d267f9f11f35ac",
                "sha256:1d1a5e9d6ed415e75a676b72200ad67082242ec4d2d76eb7446da255ae72d3f7",
                "sha256:339f5b985de3662b1d6c69991ab46fdbdc736feb4ac903ef6b8c00e14d87f4d8",
                "sha256:35bdf3f48535891fee2eaade70e91d5b2cc1ee9fc2a551847c7ec18bce55a92c",
                "sha256:3d0afba0aec878639608f013045697fb0969ff60b3aea2daec771ea8d01ad112",
                "sha256:42c53786806e24569571a7a24ebe78ec6b364fe53e79a3f27eddd573cacd398f",
                "sha256:48b919da89614d201e72fbd8247b5ae8881e296cf968feb5595a015a14c67f1f",
                "sha256:49906e008eeb91912654a36c200566392bd448b87a529086694053a280f8af2d",
                "sha256:49fc01a7c9c4e3c1784e9a15d162c2cac3990fcc28728227a6f8f0837aabda7c",
                "sha256:501b671b639b9ca17ad303f8807deb1d0ff754d1dab106f2607d14b53cb0ff0b",
                "sha256:5574574142364804423ab4428bd331a05c65f7ecfd31ac97c936f0c720fe6a53",
                "sha256:6092239a772b3c6604be9e94b9ab4f0dacb7452e8ad299fd97eae0611355b679",
                "sha256:71ff5c7632501c4f60edb8a24fd0a772e04c5bdca2856d978d04271b63666ef7",
                "sha256:7dcf2ad14e25b05eda8bdd104f8c03a642a384aeefd25a5b51deac0826e646fa",
                "sha256:8ca3a99f5a7443a6a8f83a5d8fcc11854b44e6907e92ba8640d8a8f7b9085e21",
                "sha256:927da3b5710fb705aab173ad630b45a4a04c78e63dcd89411a065b2fe60e4770",
                "sha256:94916d1ede67682638d3cc0feb10648ff14dc51fb7a7f147f4fedce78eaaea97",
                "sha256:a3e5e5ca325527d312cdb12a4dab8b0459c458cad1c738c6f019d0d8d147081c",
                "sha256:a7716a98f0b9b8f61ddb2bae7997daf546ac8fc594be6ba397f4bde7d76bfc62",
                "sha256:acf10d1054de92af8d5bfc6620bb79b85f04c98214b4da7db77525bfa9fc2a89",
                "sha256:de46ffb67e723975f5acab101c5235747af1e84fbbc89bf3533e2ea93fb26947",
                "sha256:df428969154a9a4cd9748c7e6efd18432111fbea3d700f7376046c38c5e27081",
                "sha256:f5ebf24b599caf466f9da8c4115398d663b2567b89e92f58a835e9da4f74669f",
                "sha256:f79e45d5c122c4fb1fd54029bf1d475cecc05f4ed5b68136b0d6ec268bae68b6",
                "sha256:f7a43097d143bd7846ffba6d2d8cd1cc97f233318dbd0f50a235ea01297a096b",
                "sha256:fceb8271bc2fd3477094ca157c824e8ea840a7b393e89e766eea9a3b9ce7e0c6",
                "sha256:ff919ceb40259f5332db43803aa6c22ff487e86036ce3921ae04b9185efc99a4"
            ],
            "version": "==0.29"
        },
        "future": {
            "hashes": [
                "sha256:e39ced1ab767b5936646cedba8bcce582398233d6a627067d4c6a454c90cfedb"
            ],
            "version": "==0.16.0"
        },
        "gast": {
            "hashes": [
                "sha256:7068908321ecd2774f145193c4b34a11305bd104b4551b09273dfd1d6a374930"
            ],
            "version": "==0.2.0"
        },
        "glfw": {
            "hashes": [
                "sha256:1773eccba27adc65964ba128952d338c122bc902f5bfca5a17c8c5dd06576cb2",
                "sha256:9fb39758847225eaf97f3e26df37d611fef665de8c8dfecd33365c020debeb48",
                "sha256:ee12869d597bd6ae0d3e1ba62ad5c7742464a49ead56e11a255b1ac2a19e7fd9"
            ],
            "version": "==1.7.0"
        },
        "gps": {
            "git": "https://github.com/sharadmv/gps.git",
            "ref": "566d1a77b1f642c7d67e8a2273b71f4adc5b24f5"
        },
        "grpcio": {
            "hashes": [
                "sha256:0b09e82027f27cb540999404acf1be19cb50073d76ab257d7369aa3730bec3c0",
                "sha256:0cc5f2d3ee21c642d8982f197c83053fd3a8cbcd6a60240d8c87c6c256b10d57",
                "sha256:13b498b0415715a4214574c67ac6d0d7b565a861eb4490238a828fac17a51506",
                "sha256:314c557efecec7f901cf394beb184b31414f906785e4811d2392859576d4d7b5",
                "sha256:32d2859b68e185d05d6b5f5814121e786088f5e3483da0a7359f5d7fc0401ee3",
                "sha256:3bf1b9d72a05a855762c36bd458d3750bedb5fd7b957a44443a62facf80afba4",
                "sha256:41614ec2df4776a7d1b46183543d5c508bfc4972f092ec1ea83e98f808e5fa4d",
                "sha256:4a7fab9f8ed8352d63585d221ee9c1fc58fb9b3d12535e777e36e855b0cab3db",
                "sha256:4b4a2faa53e0f8d2b1479173dbce1523a7daaf2644fb835fb9fff04beb29ed8d",
                "sha256:5526bf9f6615e22d0290aa83324f87fcc1fee51c3a9580ebeb2a52271c21a563",
                "sha256:5bf2c9ec1d55c28ca1221f7b2d1914f20b2819c44579da89f447789baaba1386",
                "sha256:62b24446d447ebe3a7002a6e3bd2c7372159e094868eb61ea2426327fe9f1992",
                "sha256:63afda9d946fff727107ebbef25f6b45497f29486e462725dc9942391f3714a8",
                "sha256:6dd039527b7333c947b9757ad40adf93b917f3734aed1da4fdeb28fd17ec63f0",
                "sha256:6e719d17ca8fa06260a427cd1fab58abfd0672e8e625fcad81595bd125e0e367",
                "sha256:76b3dbff4c775f5f8667c405b909ab2f80440c7579ad56f823476b011124a8a5",
                "sha256:7be774ca3c8faa0e126d1e41e11fd82c9c114efb5437b36f651fe25add7f8c2e",
                "sha256:7d74c3c6d8c7aadd505c8cef2b4b5324588bee645e6d20a6493940b24d394603",
                "sha256:84afdfbf88c0ed2426a4f029fae3e677e8f1b2f3370feeae939d64670926c981",
                "sha256:84d62107eb5bc9fe4e3682b038434c709ca7a2ae19e621e08ed7e8d908046cfb",
                "sha256:8a1f4bee826b0edb123157f19843f46ca9ef29f12ed0b54eeffde5ff65101340",
                "sha256:93edd492a1c6865e15db1ff7d98228b7351221bf815286a41834e10934c0cde0",
                "sha256:9907fcb03a9fd327b114919dbb7a4577d5d5aeed2d6d000e6e6d002ad5cb959d",
                "sha256:9dd008cd45a646b0e3761f0963c95b0dcd07d880d278a3c1ce23dd4ecb9cd174",
                "sha256:a440935203be2581f68de7a4c5ca7ca22e948a21af70d7279ba9a2e32f73ae40",
                "sha256:a9144b8a0f73be76aff348e4d558a5c3f43a8378a17c6327d56dbea8efda4aeb",
                "sha256:b14629835e796f7905db2f7d10035958f995bae67bf9e652b13be156ed4a8457",
                "sha256:b4fe851428b630bdf6f3a99c3761ce3d304b194162812fc1312bfe7bd138e620",
                "sha256:c4318cea2d85f13811655e5d1c30fe97074aeb8105b16cc6da2d1d5d64a9f4f7",
                "sha256:e46d3d702198d164474078140e008e8961e95dfb5a100f2890eb201c94c48c6e",
                "sha256:e986100947cdafa2817701ffe616f2dc0221cc27eb301d654b9462b98ee62912",
                "sha256:f94ae68c43b4bba0272e565882db2709d8827910ccc427f0a89d8cf070180f61"
            ],
            "version": "==1.16.0"
        },
        "gym": {
            "extras": [
                "box2d",
                "mujoco"
            ],
            "hashes": [
                "sha256:bd8933a883f8f8974f8c2c1bdbe074d3c1ccb2eb96b3384b2df7d6d98c9e52a2"
            ],
            "index": "pypi",
            "version": "==0.10.8"
        },
        "idna": {
            "hashes": [
                "sha256:156a6814fb5ac1fc6850fb002e0852d56c0c8d2531923a51032d1b70760e186e",
                "sha256:684a38a6f903c1d71d6d5fac066b58d7768af4de2b832e426ec79c30daa94a16"
            ],
            "version": "==2.7"
        },
        "imageio": {
            "hashes": [
                "sha256:16b8077bc8a5fa7a58b3e744f7ecbb156d8c088132df31e0f4f546c98de3514a"
            ],
            "markers": "extra == 'mujoco'",
            "version": "==2.4.1"
        },
        "lockfile": {
            "hashes": [
                "sha256:6aed02de03cba24efabcd600b30540140634fc06cfa603822d508d5361e9f799",
                "sha256:6c3cb24f344923d30b2785d5ad75182c8ea7ac1b6171b08657258ec7429d50fa"
            ],
            "version": "==0.12.2"
        },
        "markdown": {
            "hashes": [
                "sha256:c00429bd503a47ec88d5e30a751e147dcb4c6889663cd3e2ba0afe858e009baa",
                "sha256:d02e0f9b04c500cde6637c11ad7c72671f359b87b9fe924b2383649d8841db7c"
            ],
            "version": "==3.0.1"
        },
        "mujoco-py": {
            "hashes": [
                "sha256:4fc8312bb5547b700d2481e2868f3ee1e3e4afeff87591fa656d261cefe8d286"
            ],
            "markers": "extra == 'mujoco'",
            "version": "==1.50.1.65"
        },
        "numpy": {
            "hashes": [
                "sha256:032df9b6571c5f1d41ea6f6a189223208cb488990373aa686aca55570fcccb42",
                "sha256:094f8a83e5bd0a44a7557fa24a46db6ba7d5299c389ddbc9e0e18722f567fb63",
                "sha256:1c0c80e74759fa4942298044274f2c11b08c86230b25b8b819e55e644f5ff2b6",
                "sha256:2aa0910eaeb603b1a5598193cc3bc8eacf1baf6c95cbc3955eb8e15fa380c133",
                "sha256:2f5ebc7a04885c7d69e5daa05208faef4db7f1ae6a99f4d36962df8cd54cdc76",
                "sha256:32a07241cb624e104b88b08dea2851bf4ec5d65a1f599d7735041ced7171fd7a",
                "sha256:3c7959f750b54b445f14962a3ddc41b9eadbab00b86da55fbb1967b2b79aad10",
                "sha256:3d8f9273c763a139a99e65c2a3c10f1109df30bedae7f011b10d95c538364704",
                "sha256:63bca71691339d2d6f8a7c970821f2b12098a53afccc0190d4e1555e75e5223a",
                "sha256:7ae9c3baff3b989859c88e0168ad10902118595b996bf781eaf011bb72428798",
                "sha256:866a7c8774ccc7d603667fad95456b4cf56d79a2bb5a7648ac9f0082e0b9416e",
                "sha256:8bc4b92a273659e44ca3f3a2f8786cfa39d8302223bcfe7df794429c63d5f5a1",
                "sha256:919f65e0732195474897b1cafefb4d4e7c2bb8174a725e506b62e9096e4df28d",
                "sha256:9d1598573d310104acb90377f0a8c2319f737084689f5eb18012becaf345cda5",
                "sha256:9fff90c88bfaad2901be50453d5cd7897a826c1d901f0654ee1d73ab3a48cd18",
                "sha256:a245464ddf6d90e2d6287e9cef6bcfda2a99467fdcf1b677b99cd0b6c7b43de2",
                "sha256:a988db28f54e104a01e8573ceb6f28202b4c15635b1450b2e3b2b822c6564f9b",
                "sha256:b12fe6f31babb9477aa0f9692730654b3ee0e71f33b4568170dfafd439caf0a2",
                "sha256:b7599ff4acd23f5de983e3aec772153b1043e131487a5c6ad0f94b41a828877a",
                "sha256:c9f4dafd6065c4c782be84cd67ceeb9b1d4380af60a7af32be10ebecd723385e",
                "sha256:ce3622b73ccd844ba301c1aea65d36cf9d8331e7c25c16b1725d0f14db99aaf4",
                "sha256:d0f36a24cf8061a2c03e151be3418146717505b9b4ec17502fa3bbdb04ec1431",
                "sha256:d263f8f14f2da0c079c0297e829e550d8f2c4e0ffef215506bd1d0ddd2bff3de",
                "sha256:d8837ff272800668aabdfe70b966631914b0d6513aed4fc1b1428446f771834d",
                "sha256:ef694fe72a3995aa778a5095bda946e0d31f7efabd5e8063ad8c6238ab7d3f78",
                "sha256:f1fd1a6f40a501ba4035f5ed2c1f4faa68245d1407bf97d2ee401e4f23d1720b",
                "sha256:fa337b6bd5fe2b8c4e705f4102186feb9985de9bb8536d32d5129a658f1789e0",
                "sha256:febd31cd0d2fd2509ca2ec53cb339f8bf593c1bd245b9fc55c1917a68532a0af"
            ],
            "version": "==1.15.3"
        },
        "parasol": {
            "editable": true,
            "path": "."
        },
        "pillow": {
            "hashes": [
                "sha256:00203f406818c3f45d47bb8fe7e67d3feddb8dcbbd45a289a1de7dd789226360",
                "sha256:0616f800f348664e694dddb0b0c88d26761dd5e9f34e1ed7b7a7d2da14b40cb7",
                "sha256:1f7908aab90c92ad85af9d2fec5fc79456a89b3adcc26314d2cde0e238bd789e",
                "sha256:2ea3517cd5779843de8a759c2349a3cd8d3893e03ab47053b66d5ec6f8bc4f93",
                "sha256:48a9f0538c91fc136b3a576bee0e7cd174773dc9920b310c21dcb5519722e82c",
                "sha256:5280ebc42641a1283b7b1f2c20e5b936692198b9dd9995527c18b794850be1a8",
                "sha256:5e34e4b5764af65551647f5cc67cf5198c1d05621781d5173b342e5e55bf023b",
                "sha256:63b120421ab85cad909792583f83b6ca3584610c2fe70751e23f606a3c2e87f0",
                "sha256:696b5e0109fe368d0057f484e2e91717b49a03f1e310f857f133a4acec9f91dd",
                "sha256:870ed021a42b1b02b5fe4a739ea735f671a84128c0a666c705db2cb9abd528eb",
                "sha256:916da1c19e4012d06a372127d7140dae894806fad67ef44330e5600d77833581",
                "sha256:9303a289fa0811e1c6abd9ddebfc770556d7c3311cb2b32eff72164ddc49bc64",
                "sha256:9577888ecc0ad7d06c3746afaba339c94d62b59da16f7a5d1cff9e491f23dace",
                "sha256:987e1c94a33c93d9b209315bfda9faa54b8edfce6438a1e93ae866ba20de5956",
                "sha256:99a3bbdbb844f4fb5d6dd59fac836a40749781c1fa63c563bc216c27aef63f60",
                "sha256:99db8dc3097ceafbcff9cb2bff384b974795edeb11d167d391a02c7bfeeb6e16",
                "sha256:a5a96cf49eb580756a44ecf12949e52f211e20bffbf5a95760ac14b1e499cd37",
                "sha256:aa6ca3eb56704cdc0d876fc6047ffd5ee960caad52452fbee0f99908a141a0ae",
                "sha256:aade5e66795c94e4a2b2624affeea8979648d1b0ae3fcee17e74e2c647fc4a8a",
                "sha256:b78905860336c1d292409e3df6ad39cc1f1c7f0964e66844bbc2ebfca434d073",
                "sha256:b92f521cdc4e4a3041cc343625b699f20b0b5f976793fb45681aac1efda565f8",
                "sha256:bfde84bbd6ae5f782206d454b67b7ee8f7f818c29b99fd02bf022fd33bab14cb",
                "sha256:c2b62d3df80e694c0e4a0ed47754c9480521e25642251b3ab1dff050a4e60409",
                "sha256:c5e2be6c263b64f6f7656e23e18a4a9980cffc671442795682e8c4e4f815dd9f",
                "sha256:c99aa3c63104e0818ec566f8ff3942fb7c7a8f35f9912cb63fd8e12318b214b2",
                "sha256:dae06620d3978da346375ebf88b9e2dd7d151335ba668c995aea9ed07af7add4",
                "sha256:db5499d0710823fa4fb88206050d46544e8f0e0136a9a5f5570b026584c8fd74",
                "sha256:f36baafd82119c4a114b9518202f2a983819101dcc14b26e43fc12cbefdce00e",
                "sha256:f52b79c8796d81391ab295b04e520bda6feed54d54931708872e8f9ae9db0ea1",
                "sha256:ff8cff01582fa1a7e533cb97f628531c4014af4b5f38e33cdcfe5eec29b6d888"
            ],
            "version": "==5.3.0"
        },
        "protobuf": {
            "hashes": [
                "sha256:10394a4d03af7060fa8a6e1cbf38cea44be1467053b0aea5bbfcb4b13c4b88c4",
                "sha256:1489b376b0f364bcc6f89519718c057eb191d7ad6f1b395ffd93d1aa45587811",
                "sha256:1931d8efce896981fe410c802fd66df14f9f429c32a72dd9cfeeac9815ec6444",
                "sha256:196d3a80f93c537f27d2a19a4fafb826fb4c331b0b99110f985119391d170f96",
                "sha256:46e34fdcc2b1f2620172d3a4885128705a4e658b9b62355ae5e98f9ea19f42c2",
                "sha256:4b92e235a3afd42e7493b281c8b80c0c65cbef45de30f43d571d1ee40a1f77ef",
                "sha256:574085a33ca0d2c67433e5f3e9a0965c487410d6cb3406c83bdaf549bfc2992e",
                "sha256:59cd75ded98094d3cf2d79e84cdb38a46e33e7441b2826f3838dcc7c07f82995",
                "sha256:5ee0522eed6680bb5bac5b6d738f7b0923b3cafce8c4b1a039a6107f0841d7ed",
                "sha256:65917cfd5da9dfc993d5684643063318a2e875f798047911a9dd71ca066641c9",
                "sha256:685bc4ec61a50f7360c9fd18e277b65db90105adbf9c79938bd315435e526b90",
                "sha256:92e8418976e52201364a3174e40dc31f5fd8c147186d72380cbda54e0464ee19",
                "sha256:9335f79d1940dfb9bcaf8ec881fb8ab47d7a2c721fb8b02949aab8bbf8b68625",
                "sha256:a7ee3bb6de78185e5411487bef8bc1c59ebd97e47713cba3c460ef44e99b3db9",
                "sha256:ceec283da2323e2431c49de58f80e1718986b79be59c266bb0509cbf90ca5b9e",
                "sha256:fcfc907746ec22716f05ea96b7f41597dfe1a1c088f861efb8a0d4f4196a6f10"
            ],
            "version": "==3.6.1"
        },
        "pycparser": {
            "hashes": [
                "sha256:a988718abfad80b6b157acce7bf130a30876d27603738ac39f140993246b25b3"
            ],
            "version": "==2.19"
        },
        "pyglet": {
            "hashes": [
                "sha256:8b07aea16f34ac861cffd06a0c17723ca944d172e577b57b21859b7990709a66",
                "sha256:b00570e7cdf6971af8953b6ece50d83d13272afa5d1f1197c58c0f478dd17743"
            ],
            "version": "==1.3.2"
        },
        "requests": {
            "hashes": [
                "sha256:99dcfdaaeb17caf6e526f32b6a7b780461512ab3f1d992187801694cba42770c",
                "sha256:a84b8c9ab6239b578f22d1c21d51b696dcfe004032bb80ea832398d6909d7279"
            ],
            "version": "==2.20.0"
        },
        "scipy": {
            "hashes": [
                "sha256:0611ee97296265af4a21164a5323f8c1b4e8e15c582d3dfa7610825900136bb7",
                "sha256:08237eda23fd8e4e54838258b124f1cd141379a5f281b0a234ca99b38918c07a",
                "sha256:0e645dbfc03f279e1946cf07c9c754c2a1859cb4a41c5f70b25f6b3a586b6dbd",
                "sha256:0e9bb7efe5f051ea7212555b290e784b82f21ffd0f655405ac4f87e288b730b3",
                "sha256:108c16640849e5827e7d51023efb3bd79244098c3f21e4897a1007720cb7ce37",
                "sha256:340ef70f5b0f4e2b4b43c8c8061165911bc6b2ad16f8de85d9774545e2c47463",
                "sha256:3ad73dfc6f82e494195144bd3a129c7241e761179b7cb5c07b9a0ede99c686f3",
                "sha256:3b243c77a822cd034dad53058d7c2abf80062aa6f4a32e9799c95d6391558631",
                "sha256:404a00314e85eca9d46b80929571b938e97a143b4f2ddc2b2b3c91a4c4ead9c5",
                "sha256:423b3ff76957d29d1cce1bc0d62ebaf9a3fdfaf62344e3fdec14619bb7b5ad3a",
                "sha256:42d9149a2fff7affdd352d157fa5717033767857c11bd55aa4a519a44343dfef",
                "sha256:625f25a6b7d795e8830cb70439453c9f163e6870e710ec99eba5722775b318f3",
                "sha256:698c6409da58686f2df3d6f815491fd5b4c2de6817a45379517c92366eea208f",
                "sha256:729f8f8363d32cebcb946de278324ab43d28096f36593be6281ca1ee86ce6559",
                "sha256:8190770146a4c8ed5d330d5b5ad1c76251c63349d25c96b3094875b930c44692",
                "sha256:878352408424dffaa695ffedf2f9f92844e116686923ed9aa8626fc30d32cfd1",
                "sha256:8b984f0821577d889f3c7ca8445564175fb4ac7c7f9659b7c60bef95b2b70e76",
                "sha256:8f841bbc21d3dad2111a94c490fb0a591b8612ffea86b8e5571746ae76a3deac",
                "sha256:c22b27371b3866c92796e5d7907e914f0e58a36d3222c5d436ddd3f0e354227a",
                "sha256:d0cdd5658b49a722783b8b4f61a6f1f9c75042d0e29a30ccb6cacc9b25f6d9e2",
                "sha256:d40dc7f494b06dcee0d303e51a00451b2da6119acbeaccf8369f2d29e28917ac",
                "sha256:d8491d4784aceb1f100ddb8e31239c54e4afab8d607928a9f7ef2469ec35ae01",
                "sha256:dfc5080c38dde3f43d8fbb9c0539a7839683475226cf83e4b24363b227dfe552",
                "sha256:e24e22c8d98d3c704bb3410bce9b69e122a8de487ad3dbfe9985d154e5c03a40",
                "sha256:e7a01e53163818d56eabddcafdc2090e9daba178aad05516b20c6591c4811020",
                "sha256:ee677635393414930541a096fc8e61634304bb0153e4e02b75685b11eba14cae",
                "sha256:f0521af1b722265d824d6ad055acfe9bd3341765735c44b5a4d0069e189a0f40",
                "sha256:f25c281f12c0da726c6ed00535ca5d1622ec755c30a3f8eafef26cf43fede694"
            ],
            "version": "==1.1.0"
        },
        "six": {
            "hashes": [
                "sha256:70e8a77beed4562e7f14fe23a786b54f6296e34344c23bc42f07b15018ff98e9",
                "sha256:832dc0e10feb1aa2c68dcc57dbb658f1c7e65b9b61af69048abc87a2db00a0eb"
            ],
            "version": "==1.11.0"
        },
        "tensorboard": {
            "hashes": [
                "sha256:42a04637a636e16054b065907c81396b83a9702948ecd14218f19dc5cf85de98",
                "sha256:97661706fbe857c372405e0f5bd7c3db2197b5e70cec88f6924b726fde65c2c1"
            ],
            "version": "==1.9.0"
        },
        "tensorflow": {
            "hashes": [
                "sha256:01fca4d85855131c874cff811e0786f240e7270d5dfa699883bde60f550752b6",
                "sha256:22d71e13947b85ca8fb625db4d7094c68ebc014fee911db9d658205965268980",
                "sha256:393de695264357de6505a7dc86c7787b6caf0c1ec54830fe8dad105d090fd6a2",
                "sha256:3e8b783966a02d83027a92c3c55083ad8d8a0ddf4ad920f40ffaae107be79c78",
                "sha256:42cc87627c3b0f2d60776412eaaea3aa0856650a77f94bec841535908f77ee45",
                "sha256:51aa006ce0c7cbca3381e05bc7658f59cfec90a11480f2d35afd342cef8294d8",
                "sha256:7486408e0ce0381edc2935c3cdbc4052d7a5e8c36083c058ffa013ac6047bb24",
                "sha256:7d90a57373501b3fae0a109f5e5176883ec5417a43868970564b84ae9e64709d",
                "sha256:9215db0fa590a2da6a08d6c7ca41d940727c40332c80c968f1459470d6bf8873",
                "sha256:c6c8ec1b5a30e1fccebc4ddbee18b6df2bbaf3cf128ee086bc538738c1b3b9be",
                "sha256:cd83f4a50c0eaf18526e4e56e519c3593d998d1d213df161bbc78fffdd097cb8",
                "sha256:d351f7db08b8de322536c5886fada3e37feae809bfd37368050f9eeea544b87e"
            ],
            "index": "pypi",
            "version": "==1.9"
        },
        "termcolor": {
            "hashes": [
                "sha256:1d6d69ce66211143803fbc56652b41d73b4a400a2891d7bf7a1cdf4c02de613b"
            ],
            "version": "==1.1.0"
        },
        "urllib3": {
            "hashes": [
                "sha256:41c3db2fc01e5b907288010dec72f9d0a74e37d6994e6eb56849f59fea2265ae",
                "sha256:8819bba37a02d143296a4d032373c4dd4aca11f6d4c9973335ca75f9c8475f59"
            ],
            "version": "==1.24"
        },
        "werkzeug": {
            "hashes": [
                "sha256:c3fd7a7d41976d9f44db327260e263132466836cef6f91512889ed60ad26557c",
                "sha256:d5da73735293558eb1651ee2fddc4d0dedcfa06538b8813a2e20011583c9e49b"
            ],
            "version": "==0.14.1"
        },
        "wheel": {
            "hashes": [
                "sha256:196c9842d79262bb66fcf59faa4bd0deb27da911dbc7c6cdca931080eb1f0783",
                "sha256:c93e2d711f5f9841e17f53b0e6c0ff85593f3b416b6eec7a9452041a59a42688"
            ],
            "markers": "python_version >= '3'",
            "version": "==0.32.2"
        }
    },
    "develop": {}
}
